
Microsoft Visual Studio Solution File, Format Version 12.00
# Visual Studio Version 16
VisualStudioVersion = 16.0.31605.320
MinimumVisualStudioVersion = 10.0.40219.1
Project("{FAE04EC0-301F-11D3-BF4B-00C04F79EFBC}") = "COSA", "COSA\COSA.csproj", "{BCB293FF-1BD6-480B-BC69-E0C3FA48E19A}"
EndProject
Global
	GlobalSection(SolutionConfigurationPlatforms) = preSolution
		Debug|Any CPU = Debug|Any CPU
		Release|Any CPU = Release|Any CPU
	EndGlobalSection
	GlobalSection(ProjectConfigurationPlatforms) = postSolution
		{BCB293FF-1BD6-480B-BC69-E0C3FA48E19A}.Debug|Any CPU.ActiveCfg = Debug|Any CPU
		{BCB293FF-1BD6-480B-BC69-E0C3FA48E19A}.Debug|Any CPU.Build.0 = Debug|Any CPU
		{BCB293FF-1BD6-480B-BC69-E0C3FA48E19A}.Release|Any CPU.ActiveCfg = Release|Any CPU
		{BCB293FF-1BD6-480B-BC69-E0C3FA48E19A}.Release|Any CPU.Build.0 = Release|Any CPU
	EndGlobalSection
	GlobalSection(SolutionProperties) = preSolution
		HideSolutionNode = FALSE
	EndGlobalSection
	GlobalSection(ExtensibilityGlobals) = postSolution
		SolutionGuid = {87DF1F0C-4A67-40D5-813A-1D9F7ED2D4D2}
	EndGlobalSection
EndGlobal
